
Microsoft Visual Studio Solution File, Format Version 12.00
# Visual Studio 14
VisualStudioVersion = 14.0.23107.0
MinimumVisualStudioVersion = 10.0.40219.1
Project("{FAE04EC0-301F-11D3-BF4B-00C04F79EFBC}") = "AUMMaze.App", "AUMMaze.App\AUMMaze.App.csproj", "{9EEAB3AD-AE97-4AA6-8FA3-95DF5FF10C2D}"
EndProject
Project("{FAE04EC0-301F-11D3-BF4B-00C04F79EFBC}") = "AUMMaze.Services", "AUMMaze.Services\AUMMaze.Services.csproj", "{A394159F-4267-4F7A-8392-FE764DA52F28}"
EndProject
Project("{FAE04EC0-301F-11D3-BF4B-00C04F79EFBC}") = "AUMMaze.Data", "AUMMaze.Data\AUMMaze.Data.csproj", "{2277C94A-6693-468E-927D-B530A44E2791}"
EndProject
Global
	GlobalSection(SolutionConfigurationPlatforms) = preSolution
		Debug|Any CPU = Debug|Any CPU
		Release|Any CPU = Release|Any CPU
	EndGlobalSection
	GlobalSection(ProjectConfigurationPlatforms) = postSolution
		{9EEAB3AD-AE97-4AA6-8FA3-95DF5FF10C2D}.Debug|Any CPU.ActiveCfg = Debug|Any CPU
		{9EEAB3AD-AE97-4AA6-8FA3-95DF5FF10C2D}.Debug|Any CPU.Build.0 = Debug|Any CPU
		{9EEAB3AD-AE97-4AA6-8FA3-95DF5FF10C2D}.Release|Any CPU.ActiveCfg = Release|Any CPU
		{9EEAB3AD-AE97-4AA6-8FA3-95DF5FF10C2D}.Release|Any CPU.Build.0 = Release|Any CPU
		{A394159F-4267-4F7A-8392-FE764DA52F28}.Debug|Any CPU.ActiveCfg = Debug|Any CPU
		{A394159F-4267-4F7A-8392-FE764DA52F28}.Debug|Any CPU.Build.0 = Debug|Any CPU
		{A394159F-4267-4F7A-8392-FE764DA52F28}.Release|Any CPU.ActiveCfg = Release|Any CPU
		{A394159F-4267-4F7A-8392-FE764DA52F28}.Release|Any CPU.Build.0 = Release|Any CPU
		{2277C94A-6693-468E-927D-B530A44E2791}.Debug|Any CPU.ActiveCfg = Debug|Any CPU
		{2277C94A-6693-468E-927D-B530A44E2791}.Debug|Any CPU.Build.0 = Debug|Any CPU
		{2277C94A-6693-468E-927D-B530A44E2791}.Release|Any CPU.ActiveCfg = Release|Any CPU
		{2277C94A-6693-468E-927D-B530A44E2791}.Release|Any CPU.Build.0 = Release|Any CPU
	EndGlobalSection
	GlobalSection(SolutionProperties) = preSolution
		HideSolutionNode = FALSE
	EndGlobalSection
EndGlobal
